// !$*UTF8*$!
{
	archiveVersion = 1;
	classes = {
	};
	objectVersion = 77;
	objects = {

/* Begin PBXBuildFile section */
		0C64143471215483966CA061 /* NetworkMonitor.swift in Sources */ = {isa = PBXBuildFile; fileRef = 2C817E4469AFF4DC98888DAD /* NetworkMonitor.swift */; };
		100A110A4A59F9381D4446C8 /* PrivacyInfo.xcprivacy in Resources */ = {isa = PBXBuildFile; fileRef = 4D14A616C9A4A8F0091AD84E /* PrivacyInfo.xcprivacy */; };
		13A39A457AEEC473935188FF /* ChatView.swift in Sources */ = {isa = PBXBuildFile; fileRef = D0E30AFCC6D17FD1256692F1 /* ChatView.swift */; };
		185747CAD27FD4DF45618229 /* ServiceCellsHubView.swift in Sources */ = {isa = PBXBuildFile; fileRef = CA2847FCF3848D6FA2E93142 /* ServiceCellsHubView.swift */; };
		1CC444E06743F8D2566FB2B0 /* MoneyHubView.swift in Sources */ = {isa = PBXBuildFile; fileRef = 3F373DADE7AD0ED67A9C3DF3 /* MoneyHubView.swift */; };
		1E2073BE1B911582059ED80C /* OperatingService.swift in Sources */ = {isa = PBXBuildFile; fileRef = D381C8B2C10A68D1E8562048 /* OperatingService.swift */; };
		1E6ADC6A9E5D0129ADA38C27 /* PreviewFixtures.swift in Sources */ = {isa = PBXBuildFile; fileRef = 97E00468DAE079492BF5F6D0 /* PreviewFixtures.swift */; };
		239B40EA3B6AAA8478BAF4DD /* MessageBubbleView.swift in Sources */ = {isa = PBXBuildFile; fileRef = 4BE24DA6F3EF2991837E9793 /* MessageBubbleView.swift */; };
		284E1F2AA48530427AF83A67 /* PreviewOperatingServiceTests.swift in Sources */ = {isa = PBXBuildFile; fileRef = 194E62CC8310FB42DC725000 /* PreviewOperatingServiceTests.swift */; };
		2B6E2CD488699260E408C17E /* RouteMessageView.swift in Sources */ = {isa = PBXBuildFile; fileRef = 8AFC3E709D89384F11B175C9 /* RouteMessageView.swift */; };
		304D797A8679234FFAB17C3B /* Operating.swift in Sources */ = {isa = PBXBuildFile; fileRef = F7832F01CEE39011D696A83B /* Operating.swift */; };
		3393AA4F5E4DFB112E204895 /* CommandCenterView.swift in Sources */ = {isa = PBXBuildFile; fileRef = 91562A3362492F5EA6894D94 /* CommandCenterView.swift */; };
		377E1CD40C3B2BF110F5DB3B /* FirstAnalysisView.swift in Sources */ = {isa = PBXBuildFile; fileRef = D90D1CB22A1A4161211784F1 /* FirstAnalysisView.swift */; };
		3BE6F291D922A1DCB0739B3F /* RootView.swift in Sources */ = {isa = PBXBuildFile; fileRef = D1A1FEBA0512AC89AE8E2C8F /* RootView.swift */; };
		409F4790BCC9C51A2EE0AA3C /* APIClient.swift in Sources */ = {isa = PBXBuildFile; fileRef = 720C7829C090FE26B4E810F1 /* APIClient.swift */; };
		44A2AB42BD241D2C9081B8F2 /* AppConfiguration.swift in Sources */ = {isa = PBXBuildFile; fileRef = EA3D6D124287186D80CABADB /* AppConfiguration.swift */; };
		45F7DC45347C5CAC2FE8043A /* Assets.xcassets in Resources */ = {isa = PBXBuildFile; fileRef = 1ED163DE63A731D3510A226A /* Assets.xcassets */; };
		4BEB19C783088A5B8425DA34 /* APIError.swift in Sources */ = {isa = PBXBuildFile; fileRef = 087B8CC69EC6A5B4E7921774 /* APIError.swift */; };
		4C7DE9A39D0B04ADBF6C4133 /* APIClientTests.swift in Sources */ = {isa = PBXBuildFile; fileRef = 7CF6ABFBB3C9C5BFCD1CE0B6 /* APIClientTests.swift */; };
		4DE2BE0D23F3D1A7889393AE /* PreviewServices.swift in Sources */ = {isa = PBXBuildFile; fileRef = 523C87244BAEA81348BE0A16 /* PreviewServices.swift */; };
		54A2A9AA17438F12A3252718 /* ContractModelTests.swift in Sources */ = {isa = PBXBuildFile; fileRef = DE94FB73242759C8A4C5B4CF /* ContractModelTests.swift */; };
		59B4B52DEA2E5B91D96BAE06 /* OperatingModelTests.swift in Sources */ = {isa = PBXBuildFile; fileRef = 25BE789AA269FE0F5D89CB24 /* OperatingModelTests.swift */; };
		5E051086086D5AB4A02641E8 /* CalendarWebAuthenticator.swift in Sources */ = {isa = PBXBuildFile; fileRef = FF26CA16D5FA04A8059DB60D /* CalendarWebAuthenticator.swift */; };
		5E47E56F322B5E6569FAA733 /* UserProfile.swift in Sources */ = {isa = PBXBuildFile; fileRef = CE8A06F0ED3B7EE02D0658EC /* UserProfile.swift */; };
		6343731473BA311A3F172149 /* URLSessionTransport.swift in Sources */ = {isa = PBXBuildFile; fileRef = 29EAD207A9E34C8D1F1E5B4A /* URLSessionTransport.swift */; };
		6B44BD8FE56496A33A78A8C3 /* OperatingCopy.swift in Sources */ = {isa = PBXBuildFile; fileRef = DB6E73710569B5E242E16C84 /* OperatingCopy.swift */; };
		6D2AB7F1B685BFB90CE5270B /* ProfileConfirmationView.swift in Sources */ = {isa = PBXBuildFile; fileRef = 5C1E8DDA948D021D54FA2135 /* ProfileConfirmationView.swift */; };
		6EAFA43F832BE542A8DD1C78 /* PhoneSetupView.swift in Sources */ = {isa = PBXBuildFile; fileRef = F21AD109EBAD2AFECBE9D707 /* PhoneSetupView.swift */; };
		6F9449A77F53FE74F3A208F0 /* Route.swift in Sources */ = {isa = PBXBuildFile; fileRef = F47DDF8182EEE9FCAE57ADC8 /* Route.swift */; };
		70D03DB0152D0BA7B3878A20 /* ChatViewModel.swift in Sources */ = {isa = PBXBuildFile; fileRef = 11AFCEFD47996CE2A87F7D75 /* ChatViewModel.swift */; };
		7660CC0DAFBD9FB3903254A1 /* Receipts.swift in Sources */ = {isa = PBXBuildFile; fileRef = 48FE5A234EB522C8BC3301A9 /* Receipts.swift */; };
		78EAFBD233EC88E86A964141 /* ChatViewModelTests.swift in Sources */ = {isa = PBXBuildFile; fileRef = 7233F4B9870C15BD8CD0C99C /* ChatViewModelTests.swift */; };
		7D78BBCEB2EE53981B874755 /* SettingsView.swift in Sources */ = {isa = PBXBuildFile; fileRef = D2BF8A5467672233D898CF64 /* SettingsView.swift */; };
		831E4C249CDBF2B1F12F886B /* AppViewModel.swift in Sources */ = {isa = PBXBuildFile; fileRef = 2919C1FAE6EC1D9E7411A255 /* AppViewModel.swift */; };
		898ED1A268A588BACFBE3D7F /* HTTPTransport.swift in Sources */ = {isa = PBXBuildFile; fileRef = 1595D66E9B32F6EF89A9D0C3 /* HTTPTransport.swift */; };
		8F57A42E6A8D5A6CDE061AE9 /* AppEnvironment.swift in Sources */ = {isa = PBXBuildFile; fileRef = F025ED81D9A2A7AD74CBC4FB /* AppEnvironment.swift */; };
		929BF0812FDC01D6A1116E21 /* LocalizedCopy.swift in Sources */ = {isa = PBXBuildFile; fileRef = 36F5FE87FB46006ACE81BD07 /* LocalizedCopy.swift */; };
		932C605E657AF92F3D7D8A84 /* AnalysisResult.swift in Sources */ = {isa = PBXBuildFile; fileRef = 00367CB748387EC2F825B4AC /* AnalysisResult.swift */; };
		98728FEEC2F2C4EF62F4A35F /* ChatMessage.swift in Sources */ = {isa = PBXBuildFile; fileRef = 6D74B191D16DE5CE1A5E853F /* ChatMessage.swift */; };
		9A51FE93119D15E34DD423EE /* LocalizationConsistencyTests.swift in Sources */ = {isa = PBXBuildFile; fileRef = 905676FA6340AA0A8AEAF87D /* LocalizationConsistencyTests.swift */; };
		9B25A75230C100D69210CB32 /* SessionStoring.swift in Sources */ = {isa = PBXBuildFile; fileRef = 378F60FC96F0BFF4E3E93CA9 /* SessionStoring.swift */; };
		9B6EC47D3422FB998C5E37FA /* RouteDetailSheet.swift in Sources */ = {isa = PBXBuildFile; fileRef = 5BDE3A257580A0EDC21B8E84 /* RouteDetailSheet.swift */; };
		9DD8550DB8337C7B9167B7EE /* WelcomeView.swift in Sources */ = {isa = PBXBuildFile; fileRef = 57C2362D6C4D286DF97275E1 /* WelcomeView.swift */; };
		A474E0072BCF4BBB351179ED /* ChatComposerView.swift in Sources */ = {isa = PBXBuildFile; fileRef = 5676235F3742C8BEA5D4AD60 /* ChatComposerView.swift */; };
		AA808012F0F50CEC39B3A9F5 /* AIToolPackage.swift in Sources */ = {isa = PBXBuildFile; fileRef = 0C966B220F8BF1C8EA6B3507 /* AIToolPackage.swift */; };
		AFE374190D90B11506350136 /* AppViewModelTests.swift in Sources */ = {isa = PBXBuildFile; fileRef = F03479D3F3EAA25E5B640B91 /* AppViewModelTests.swift */; };
		B495692605312F206745C70C /* RockstarIbotApp.swift in Sources */ = {isa = PBXBuildFile; fileRef = EA2AC9EEB8E6FA507B11722D /* RockstarIbotApp.swift */; };
		B7D90E0585C91AB0D5F1441B /* TodayHubView.swift in Sources */ = {isa = PBXBuildFile; fileRef = ED91581A29AFFDF4E8D2E108 /* TodayHubView.swift */; };
		BBB8AC72F116729ED6D96C0A /* SoftPaywallView.swift in Sources */ = {isa = PBXBuildFile; fileRef = 4F89145B91A881BB4BFD3B52 /* SoftPaywallView.swift */; };
		BF1AF5F50F4A18A149B2304E /* OperatingHubViewModel.swift in Sources */ = {isa = PBXBuildFile; fileRef = 5FD764339E6FFB2AE92E59F4 /* OperatingHubViewModel.swift */; };
		C123DCD9A4C3D8E3D92B7D2C /* RockstarIbotUITests.swift in Sources */ = {isa = PBXBuildFile; fileRef = 9C4F77353DBB7773D8060E64 /* RockstarIbotUITests.swift */; };
		C125BB1086D71189B1000E36 /* Theme.swift in Sources */ = {isa = PBXBuildFile; fileRef = 5FB69281C24FFDB42DE26561 /* Theme.swift */; };
		C1C7902596FA4AE6B7494EAE /* APIEndpoint.swift in Sources */ = {isa = PBXBuildFile; fileRef = 611CA3944312E23F94B92761 /* APIEndpoint.swift */; };
		C37921169B8B5FD6DFB875F7 /* KeychainSessionStore.swift in Sources */ = {isa = PBXBuildFile; fileRef = FB80AEF47D4F03518A559C34 /* KeychainSessionStore.swift */; };
		C46FC12619C0756ED77FEEC5 /* Localizable.xcstrings in Resources */ = {isa = PBXBuildFile; fileRef = 7F9D3F4933F8BC3979D13D2C /* Localizable.xcstrings */; };
		D3D9218EBF07081EADCD5BE9 /* WellbeingHubView.swift in Sources */ = {isa = PBXBuildFile; fileRef = 589F7D55947BF3F030D4E237 /* WellbeingHubView.swift */; };
		D654BBB1E6F37653647F6BB9 /* Session.swift in Sources */ = {isa = PBXBuildFile; fileRef = 527D4069E840BCF786F6A87E /* Session.swift */; };
		D9B8D52236002AA8B966159F /* RecordingTransport.swift in Sources */ = {isa = PBXBuildFile; fileRef = CDEBF1C7B66BE71C1A04CD2C /* RecordingTransport.swift */; };
		DE02169BB7A8C840578A7776 /* ConnectionsHubView.swift in Sources */ = {isa = PBXBuildFile; fileRef = B830D37EE932450AA112BAD8 /* ConnectionsHubView.swift */; };
		E059318F3828A37C7296F2F8 /* LiveServices.swift in Sources */ = {isa = PBXBuildFile; fileRef = 359FC2D3A74A00E805BF16F0 /* LiveServices.swift */; };
		EA8EAC255B12404A834A9507 /* AIToolCatalog.json in Resources */ = {isa = PBXBuildFile; fileRef = 60A90C9A4905873F967391EA /* AIToolCatalog.json */; };
		EEAAD6F5003E5A0CEE64E413 /* ServiceProtocols.swift in Sources */ = {isa = PBXBuildFile; fileRef = 402213CD0DBB369355B1E6B0 /* ServiceProtocols.swift */; };
		F61DD27F7FF35C902BD8D808 /* AccessibilityID.swift in Sources */ = {isa = PBXBuildFile; fileRef = 5061CC1F5097F8B43796FE45 /* AccessibilityID.swift */; };
		FCD90255E6BE98CF978635FF /* BundledAIToolCatalog.swift in Sources */ = {isa = PBXBuildFile; fileRef = CE2B85DC3CB7D636328AEB9D /* BundledAIToolCatalog.swift */; };
/* End PBXBuildFile section */

/* Begin PBXContainerItemProxy section */
		8F76838533581F94D3F951C3 /* PBXContainerItemProxy */ = {
			isa = PBXContainerItemProxy;
			containerPortal = 33C5948FFBE24CCD83812F4F /* Project object */;
			proxyType = 1;
			remoteGlobalIDString = 2FC0CA1BFEC21AB37D3FD4A7;
			remoteInfo = RockstarIbot;
		};
		9A480514F6B2F2D0B818BD46 /* PBXContainerItemProxy */ = {
			isa = PBXContainerItemProxy;
			containerPortal = 33C5948FFBE24CCD83812F4F /* Project object */;
			proxyType = 1;
			remoteGlobalIDString = 2FC0CA1BFEC21AB37D3FD4A7;
			remoteInfo = RockstarIbot;
		};
/* End PBXContainerItemProxy section */

/* Begin PBXFileReference section */
		00367CB748387EC2F825B4AC /* AnalysisResult.swift */ = {isa = PBXFileReference; lastKnownFileType = sourcecode.swift; path = AnalysisResult.swift; sourceTree = "<group>"; };
		03E7BF9377F1F73CB4C33D59 /* RockstarIbotTests.xctest */ = {isa = PBXFileReference; includeInIndex = 0; lastKnownFileType = wrapper.cfbundle; path = RockstarIbotTests.xctest; sourceTree = BUILT_PRODUCTS_DIR; };
		087B8CC69EC6A5B4E7921774 /* APIError.swift */ = {isa = PBXFileReference; lastKnownFileType = sourcecode.swift; path = APIError.swift; sourceTree = "<group>"; };
		0C966B220F8BF1C8EA6B3507 /* AIToolPackage.swift */ = {isa = PBXFileReference; lastKnownFileType = sourcecode.swift; path = AIToolPackage.swift; sourceTree = "<group>"; };
		11AFCEFD47996CE2A87F7D75 /* ChatViewModel.swift */ = {isa = PBXFileReference; lastKnownFileType = sourcecode.swift; path = ChatViewModel.swift; sourceTree = "<group>"; };
		1595D66E9B32F6EF89A9D0C3 /* HTTPTransport.swift */ = {isa = PBXFileReference; lastKnownFileType = sourcecode.swift; path = HTTPTransport.swift; sourceTree = "<group>"; };
		1639BD11BC64A6AE46FDA686 /* RockstarIbotUITests.xctest */ = {isa = PBXFileReference; includeInIndex = 0; lastKnownFileType = wrapper.cfbundle; path = RockstarIbotUITests.xctest; sourceTree = BUILT_PRODUCTS_DIR; };
		194E62CC8310FB42DC725000 /* PreviewOperatingServiceTests.swift */ = {isa = PBXFileReference; lastKnownFileType = sourcecode.swift; path = PreviewOperatingServiceTests.swift; sourceTree = "<group>"; };
		1ED163DE63A731D3510A226A /* Assets.xcassets */ = {isa = PBXFileReference; lastKnownFileType = folder.assetcatalog; path = Assets.xcassets; sourceTree = "<group>"; };
		25BE789AA269FE0F5D89CB24 /* OperatingModelTests.swift */ = {isa = PBXFileReference; lastKnownFileType = sourcecode.swift; path = OperatingModelTests.swift; sourceTree = "<group>"; };
		2919C1FAE6EC1D9E7411A255 /* AppViewModel.swift */ = {isa = PBXFileReference; lastKnownFileType = sourcecode.swift; path = AppViewModel.swift; sourceTree = "<group>"; };
		29EAD207A9E34C8D1F1E5B4A /* URLSessionTransport.swift */ = {isa = PBXFileReference; lastKnownFileType = sourcecode.swift; path = URLSessionTransport.swift; sourceTree = "<group>"; };
		2AC21105F069326365BDD68C /* Debug.xcconfig */ = {isa = PBXFileReference; lastKnownFileType = text.xcconfig; path = Debug.xcconfig; sourceTree = "<group>"; };
		2C817E4469AFF4DC98888DAD /* NetworkMonitor.swift */ = {isa = PBXFileReference; lastKnownFileType = sourcecode.swift; path = NetworkMonitor.swift; sourceTree = "<group>"; };
		359FC2D3A74A00E805BF16F0 /* LiveServices.swift */ = {isa = PBXFileReference; lastKnownFileType = sourcecode.swift; path = LiveServices.swift; sourceTree = "<group>"; };
		36F5FE87FB46006ACE81BD07 /* LocalizedCopy.swift */ = {isa = PBXFileReference; lastKnownFileType = sourcecode.swift; path = LocalizedCopy.swift; sourceTree = "<group>"; };
		378F60FC96F0BFF4E3E93CA9 /* SessionStoring.swift */ = {isa = PBXFileReference; lastKnownFileType = sourcecode.swift; path = SessionStoring.swift; sourceTree = "<group>"; };
		3F373DADE7AD0ED67A9C3DF3 /* MoneyHubView.swift */ = {isa = PBXFileReference; lastKnownFileType = sourcecode.swift; path = MoneyHubView.swift; sourceTree = "<group>"; };
		402213CD0DBB369355B1E6B0 /* ServiceProtocols.swift */ = {isa = PBXFileReference; lastKnownFileType = sourcecode.swift; path = ServiceProtocols.swift; sourceTree = "<group>"; };
		48FE5A234EB522C8BC3301A9 /* Receipts.swift */ = {isa = PBXFileReference; lastKnownFileType = sourcecode.swift; path = Receipts.swift; sourceTree = "<group>"; };
		4BE24DA6F3EF2991837E9793 /* MessageBubbleView.swift */ = {isa = PBXFileReference; lastKnownFileType = sourcecode.swift; path = MessageBubbleView.swift; sourceTree = "<group>"; };
		4D14A616C9A4A8F0091AD84E /* PrivacyInfo.xcprivacy */ = {isa = PBXFileReference; path = PrivacyInfo.xcprivacy; sourceTree = "<group>"; };
		4F89145B91A881BB4BFD3B52 /* SoftPaywallView.swift */ = {isa = PBXFileReference; lastKnownFileType = sourcecode.swift; path = SoftPaywallView.swift; sourceTree = "<group>"; };
		5061CC1F5097F8B43796FE45 /* AccessibilityID.swift */ = {isa = PBXFileReference; lastKnownFileType = sourcecode.swift; path = AccessibilityID.swift; sourceTree = "<group>"; };
		523C87244BAEA81348BE0A16 /* PreviewServices.swift */ = {isa = PBXFileReference; lastKnownFileType = sourcecode.swift; path = PreviewServices.swift; sourceTree = "<group>"; };
		527D4069E840BCF786F6A87E /* Session.swift */ = {isa = PBXFileReference; lastKnownFileType = sourcecode.swift; path = Session.swift; sourceTree = "<group>"; };
		5676235F3742C8BEA5D4AD60 /* ChatComposerView.swift */ = {isa = PBXFileReference; lastKnownFileType = sourcecode.swift; path = ChatComposerView.swift; sourceTree = "<group>"; };
		57C2362D6C4D286DF97275E1 /* WelcomeView.swift */ = {isa = PBXFileReference; lastKnownFileType = sourcecode.swift; path = WelcomeView.swift; sourceTree = "<group>"; };
		589F7D55947BF3F030D4E237 /* WellbeingHubView.swift */ = {isa = PBXFileReference; lastKnownFileType = sourcecode.swift; path = WellbeingHubView.swift; sourceTree = "<group>"; };
		5BDE3A257580A0EDC21B8E84 /* RouteDetailSheet.swift */ = {isa = PBXFileReference; lastKnownFileType = sourcecode.swift; path = RouteDetailSheet.swift; sourceTree = "<group>"; };
		5C1E8DDA948D021D54FA2135 /* ProfileConfirmationView.swift */ = {isa = PBXFileReference; lastKnownFileType = sourcecode.swift; path = ProfileConfirmationView.swift; sourceTree = "<group>"; };
		5FB69281C24FFDB42DE26561 /* Theme.swift */ = {isa = PBXFileReference; lastKnownFileType = sourcecode.swift; path = Theme.swift; sourceTree = "<group>"; };
		5FD764339E6FFB2AE92E59F4 /* OperatingHubViewModel.swift */ = {isa = PBXFileReference; lastKnownFileType = sourcecode.swift; path = OperatingHubViewModel.swift; sourceTree = "<group>"; };
		60A90C9A4905873F967391EA /* AIToolCatalog.json */ = {isa = PBXFileReference; lastKnownFileType = text.json; path = AIToolCatalog.json; sourceTree = "<group>"; };
		611CA3944312E23F94B92761 /* APIEndpoint.swift */ = {isa = PBXFileReference; lastKnownFileType = sourcecode.swift; path = APIEndpoint.swift; sourceTree = "<group>"; };
		6D74B191D16DE5CE1A5E853F /* ChatMessage.swift */ = {isa = PBXFileReference; lastKnownFileType = sourcecode.swift; path = ChatMessage.swift; sourceTree = "<group>"; };
		720C7829C090FE26B4E810F1 /* APIClient.swift */ = {isa = PBXFileReference; lastKnownFileType = sourcecode.swift; path = APIClient.swift; sourceTree = "<group>"; };
		7233F4B9870C15BD8CD0C99C /* ChatViewModelTests.swift */ = {isa = PBXFileReference; lastKnownFileType = sourcecode.swift; path = ChatViewModelTests.swift; sourceTree = "<group>"; };
		7CF6ABFBB3C9C5BFCD1CE0B6 /* APIClientTests.swift */ = {isa = PBXFileReference; lastKnownFileType = sourcecode.swift; path = APIClientTests.swift; sourceTree = "<group>"; };
		7F9D3F4933F8BC3979D13D2C /* Localizable.xcstrings */ = {isa = PBXFileReference; lastKnownFileType = text.json.xcstrings; path = Localizable.xcstrings; sourceTree = "<group>"; };
		8AFC3E709D89384F11B175C9 /* RouteMessageView.swift */ = {isa = PBXFileReference; lastKnownFileType = sourcecode.swift; path = RouteMessageView.swift; sourceTree = "<group>"; };
		905676FA6340AA0A8AEAF87D /* LocalizationConsistencyTests.swift */ = {isa = PBXFileReference; lastKnownFileType = sourcecode.swift; path = LocalizationConsistencyTests.swift; sourceTree = "<group>"; };
		91562A3362492F5EA6894D94 /* CommandCenterView.swift */ = {isa = PBXFileReference; lastKnownFileType = sourcecode.swift; path = CommandCenterView.swift; sourceTree = "<group>"; };
		97E00468DAE079492BF5F6D0 /* PreviewFixtures.swift */ = {isa = PBXFileReference; lastKnownFileType = sourcecode.swift; path = PreviewFixtures.swift; sourceTree = "<group>"; };
		9C4F77353DBB7773D8060E64 /* RockstarIbotUITests.swift */ = {isa = PBXFileReference; lastKnownFileType = sourcecode.swift; path = RockstarIbotUITests.swift; sourceTree = "<group>"; };
		B830D37EE932450AA112BAD8 /* ConnectionsHubView.swift */ = {isa = PBXFileReference; lastKnownFileType = sourcecode.swift; path = ConnectionsHubView.swift; sourceTree = "<group>"; };
		CA2847FCF3848D6FA2E93142 /* ServiceCellsHubView.swift */ = {isa = PBXFileReference; lastKnownFileType = sourcecode.swift; path = ServiceCellsHubView.swift; sourceTree = "<group>"; };
		CC0B8DC91F5822BE22E4442A /* RockstarIbot.app */ = {isa = PBXFileReference; includeInIndex = 0; lastKnownFileType = wrapper.application; path = RockstarIbot.app; sourceTree = BUILT_PRODUCTS_DIR; };
		CDEBF1C7B66BE71C1A04CD2C /* RecordingTransport.swift */ = {isa = PBXFileReference; lastKnownFileType = sourcecode.swift; path = RecordingTransport.swift; sourceTree = "<group>"; };
		CE2B85DC3CB7D636328AEB9D /* BundledAIToolCatalog.swift */ = {isa = PBXFileReference; lastKnownFileType = sourcecode.swift; path = BundledAIToolCatalog.swift; sourceTree = "<group>"; };
		CE8A06F0ED3B7EE02D0658EC /* UserProfile.swift */ = {isa = PBXFileReference; lastKnownFileType = sourcecode.swift; path = UserProfile.swift; sourceTree = "<group>"; };
		D0E30AFCC6D17FD1256692F1 /* ChatView.swift */ = {isa = PBXFileReference; lastKnownFileType = sourcecode.swift; path = ChatView.swift; sourceTree = "<group>"; };
		D1A1FEBA0512AC89AE8E2C8F /* RootView.swift */ = {isa = PBXFileReference; lastKnownFileType = sourcecode.swift; path = RootView.swift; sourceTree = "<group>"; };
		D2BF8A5467672233D898CF64 /* SettingsView.swift */ = {isa = PBXFileReference; lastKnownFileType = sourcecode.swift; path = SettingsView.swift; sourceTree = "<group>"; };
		D381C8B2C10A68D1E8562048 /* OperatingService.swift */ = {isa = PBXFileReference; lastKnownFileType = sourcecode.swift; path = OperatingService.swift; sourceTree = "<group>"; };
		D90D1CB22A1A4161211784F1 /* FirstAnalysisView.swift */ = {isa = PBXFileReference; lastKnownFileType = sourcecode.swift; path = FirstAnalysisView.swift; sourceTree = "<group>"; };
		DB6E73710569B5E242E16C84 /* OperatingCopy.swift */ = {isa = PBXFileReference; lastKnownFileType = sourcecode.swift; path = OperatingCopy.swift; sourceTree = "<group>"; };
		DE94FB73242759C8A4C5B4CF /* ContractModelTests.swift */ = {isa = PBXFileReference; lastKnownFileType = sourcecode.swift; path = ContractModelTests.swift; sourceTree = "<group>"; };
		E915749712608FA84FFE2130 /* Info.plist */ = {isa = PBXFileReference; lastKnownFileType = text.plist; path = Info.plist; sourceTree = "<group>"; };
		EA2AC9EEB8E6FA507B11722D /* RockstarIbotApp.swift */ = {isa = PBXFileReference; lastKnownFileType = sourcecode.swift; path = RockstarIbotApp.swift; sourceTree = "<group>"; };
		EA3D6D124287186D80CABADB /* AppConfiguration.swift */ = {isa = PBXFileReference; lastKnownFileType = sourcecode.swift; path = AppConfiguration.swift; sourceTree = "<group>"; };
		ED91581A29AFFDF4E8D2E108 /* TodayHubView.swift */ = {isa = PBXFileReference; lastKnownFileType = sourcecode.swift; path = TodayHubView.swift; sourceTree = "<group>"; };
		F025ED81D9A2A7AD74CBC4FB /* AppEnvironment.swift */ = {isa = PBXFileReference; lastKnownFileType = sourcecode.swift; path = AppEnvironment.swift; sourceTree = "<group>"; };
		F03479D3F3EAA25E5B640B91 /* AppViewModelTests.swift */ = {isa = PBXFileReference; lastKnownFileType = sourcecode.swift; path = AppViewModelTests.swift; sourceTree = "<group>"; };
		F21AD109EBAD2AFECBE9D707 /* PhoneSetupView.swift */ = {isa = PBXFileReference; lastKnownFileType = sourcecode.swift; path = PhoneSetupView.swift; sourceTree = "<group>"; };
		F47DDF8182EEE9FCAE57ADC8 /* Route.swift */ = {isa = PBXFileReference; lastKnownFileType = sourcecode.swift; path = Route.swift; sourceTree = "<group>"; };
		F7832F01CEE39011D696A83B /* Operating.swift */ = {isa = PBXFileReference; lastKnownFileType = sourcecode.swift; path = Operating.swift; sourceTree = "<group>"; };
		FB80AEF47D4F03518A559C34 /* KeychainSessionStore.swift */ = {isa = PBXFileReference; lastKnownFileType = sourcecode.swift; path = KeychainSessionStore.swift; sourceTree = "<group>"; };
		FF26CA16D5FA04A8059DB60D /* CalendarWebAuthenticator.swift */ = {isa = PBXFileReference; lastKnownFileType = sourcecode.swift; path = CalendarWebAuthenticator.swift; sourceTree = "<group>"; };
		FFA1BC2AF9D001446951E46F /* Release.xcconfig */ = {isa = PBXFileReference; lastKnownFileType = text.xcconfig; path = Release.xcconfig; sourceTree = "<group>"; };
/* End PBXFileReference section */

/* Begin PBXGroup section */
		055C245A82D73D60D1F97C37 /* Configuration */ = {
			isa = PBXGroup;
			children = (
				EA3D6D124287186D80CABADB /* AppConfiguration.swift */,
			);
			path = Configuration;
			sourceTree = "<group>";
		};
		15C05297F493767E4E89F1BA /* RockstarIbotTests */ = {
			isa = PBXGroup;
			children = (
				D2E63E77CA20FBFE8F7B5CAF /* ModelTests */,
				F0CE60BDB2ADAEB42868CDF4 /* NetworkingTests */,
				C2073E587A92D0BD2CB6E77E /* ServiceTests */,
				64720AA7047008CF5A056322 /* Support */,
				3999EAA0799996BD145ADF4D /* ViewModelTests */,
			);
			path = RockstarIbotTests;
			sourceTree = "<group>";
		};
		1A87EEFBCE89F469805C462B /* Chat */ = {
			isa = PBXGroup;
			children = (
				5676235F3742C8BEA5D4AD60 /* ChatComposerView.swift */,
				D0E30AFCC6D17FD1256692F1 /* ChatView.swift */,
				11AFCEFD47996CE2A87F7D75 /* ChatViewModel.swift */,
				4BE24DA6F3EF2991837E9793 /* MessageBubbleView.swift */,
				5BDE3A257580A0EDC21B8E84 /* RouteDetailSheet.swift */,
				8AFC3E709D89384F11B175C9 /* RouteMessageView.swift */,
			);
			path = Chat;
			sourceTree = "<group>";
		};
		3999EAA0799996BD145ADF4D /* ViewModelTests */ = {
			isa = PBXGroup;
			children = (
				F03479D3F3EAA25E5B640B91 /* AppViewModelTests.swift */,
				7233F4B9870C15BD8CD0C99C /* ChatViewModelTests.swift */,
			);
			path = ViewModelTests;
			sourceTree = "<group>";
		};
		4A0D7673A0FF8EAB94518C0F /* CommandCenter */ = {
			isa = PBXGroup;
			children = (
				91562A3362492F5EA6894D94 /* CommandCenterView.swift */,
				B830D37EE932450AA112BAD8 /* ConnectionsHubView.swift */,
				3F373DADE7AD0ED67A9C3DF3 /* MoneyHubView.swift */,
				5FD764339E6FFB2AE92E59F4 /* OperatingHubViewModel.swift */,
				CA2847FCF3848D6FA2E93142 /* ServiceCellsHubView.swift */,
				ED91581A29AFFDF4E8D2E108 /* TodayHubView.swift */,
				589F7D55947BF3F030D4E237 /* WellbeingHubView.swift */,
			);
			path = CommandCenter;
			sourceTree = "<group>";
		};
		4E27D5BF2847753ED060BE88 /* Networking */ = {
			isa = PBXGroup;
			children = (
				720C7829C090FE26B4E810F1 /* APIClient.swift */,
				611CA3944312E23F94B92761 /* APIEndpoint.swift */,
				087B8CC69EC6A5B4E7921774 /* APIError.swift */,
				1595D66E9B32F6EF89A9D0C3 /* HTTPTransport.swift */,
				29EAD207A9E34C8D1F1E5B4A /* URLSessionTransport.swift */,
			);
			path = Networking;
			sourceTree = "<group>";
		};
		5738B7158B827D25295ABBE7 /* Settings */ = {
			isa = PBXGroup;
			children = (
				D2BF8A5467672233D898CF64 /* SettingsView.swift */,
			);
			path = Settings;
			sourceTree = "<group>";
		};
		64720AA7047008CF5A056322 /* Support */ = {
			isa = PBXGroup;
			children = (
				CDEBF1C7B66BE71C1A04CD2C /* RecordingTransport.swift */,
			);
			path = Support;
			sourceTree = "<group>";
		};
		7A9E862C5D13C727772107B8 /* Products */ = {
			isa = PBXGroup;
			children = (
				CC0B8DC91F5822BE22E4442A /* RockstarIbot.app */,
				03E7BF9377F1F73CB4C33D59 /* RockstarIbotTests.xctest */,
				1639BD11BC64A6AE46FDA686 /* RockstarIbotUITests.xctest */,
			);
			name = Products;
			sourceTree = "<group>";
		};
		7AE9CCF9999AED365CDF968A /* Security */ = {
			isa = PBXGroup;
			children = (
				FB80AEF47D4F03518A559C34 /* KeychainSessionStore.swift */,
				378F60FC96F0BFF4E3E93CA9 /* SessionStoring.swift */,
			);
			path = Security;
			sourceTree = "<group>";
		};
		8A2EE21B7E07BD52703B00ED /* Models */ = {
			isa = PBXGroup;
			children = (
				0C966B220F8BF1C8EA6B3507 /* AIToolPackage.swift */,
				00367CB748387EC2F825B4AC /* AnalysisResult.swift */,
				6D74B191D16DE5CE1A5E853F /* ChatMessage.swift */,
				F7832F01CEE39011D696A83B /* Operating.swift */,
				48FE5A234EB522C8BC3301A9 /* Receipts.swift */,
				F47DDF8182EEE9FCAE57ADC8 /* Route.swift */,
				527D4069E840BCF786F6A87E /* Session.swift */,
				CE8A06F0ED3B7EE02D0658EC /* UserProfile.swift */,
			);
			path = Models;
			sourceTree = "<group>";
		};
		8A500D99127FEDB0F08FC2EF /* Resources */ = {
			isa = PBXGroup;
			children = (
				60A90C9A4905873F967391EA /* AIToolCatalog.json */,
				1ED163DE63A731D3510A226A /* Assets.xcassets */,
				7F9D3F4933F8BC3979D13D2C /* Localizable.xcstrings */,
				4D14A616C9A4A8F0091AD84E /* PrivacyInfo.xcprivacy */,
				C0A55DB548A62FDBBDFF2FF7 /* Preview Content */,
			);
			path = Resources;
			sourceTree = "<group>";
		};
		8DE0CB79296AF7A51CC6175C /* App */ = {
			isa = PBXGroup;
			children = (
				F025ED81D9A2A7AD74CBC4FB /* AppEnvironment.swift */,
				2919C1FAE6EC1D9E7411A255 /* AppViewModel.swift */,
				EA2AC9EEB8E6FA507B11722D /* RockstarIbotApp.swift */,
				2C817E4469AFF4DC98888DAD /* NetworkMonitor.swift */,
				D1A1FEBA0512AC89AE8E2C8F /* RootView.swift */,
			);
			path = App;
			sourceTree = "<group>";
		};
		910288003AD303D01EFD4ADA /* DesignSystem */ = {
			isa = PBXGroup;
			children = (
				5061CC1F5097F8B43796FE45 /* AccessibilityID.swift */,
				36F5FE87FB46006ACE81BD07 /* LocalizedCopy.swift */,
				DB6E73710569B5E242E16C84 /* OperatingCopy.swift */,
				5FB69281C24FFDB42DE26561 /* Theme.swift */,
			);
			path = DesignSystem;
			sourceTree = "<group>";
		};
		95966BA944DA949A31C471A5 /* RockstarIbot */ = {
			isa = PBXGroup;
			children = (
				E915749712608FA84FFE2130 /* Info.plist */,
				8DE0CB79296AF7A51CC6175C /* App */,
				9B994434491DD4FD78299129 /* Config */,
				055C245A82D73D60D1F97C37 /* Configuration */,
				910288003AD303D01EFD4ADA /* DesignSystem */,
				E5ED9AA4316CD774193E5530 /* Features */,
				8A2EE21B7E07BD52703B00ED /* Models */,
				4E27D5BF2847753ED060BE88 /* Networking */,
				8A500D99127FEDB0F08FC2EF /* Resources */,
				7AE9CCF9999AED365CDF968A /* Security */,
				D768D992AE583A1908B5C457 /* Services */,
			);
			path = RockstarIbot;
			sourceTree = "<group>";
		};
		9B994434491DD4FD78299129 /* Config */ = {
			isa = PBXGroup;
			children = (
				2AC21105F069326365BDD68C /* Debug.xcconfig */,
				FFA1BC2AF9D001446951E46F /* Release.xcconfig */,
			);
			path = Config;
			sourceTree = "<group>";
		};
		A871EB62E7E09FDE5AB47405 = {
			isa = PBXGroup;
			children = (
				95966BA944DA949A31C471A5 /* RockstarIbot */,
				15C05297F493767E4E89F1BA /* RockstarIbotTests */,
				F72E82FE7C33DF54FEC32A26 /* RockstarIbotUITests */,
				7A9E862C5D13C727772107B8 /* Products */,
			);
			sourceTree = "<group>";
		};
		B8B30A4B89EB36F4AD020081 /* Onboarding */ = {
			isa = PBXGroup;
			children = (
				D90D1CB22A1A4161211784F1 /* FirstAnalysisView.swift */,
				F21AD109EBAD2AFECBE9D707 /* PhoneSetupView.swift */,
				5C1E8DDA948D021D54FA2135 /* ProfileConfirmationView.swift */,
				4F89145B91A881BB4BFD3B52 /* SoftPaywallView.swift */,
				57C2362D6C4D286DF97275E1 /* WelcomeView.swift */,
			);
			path = Onboarding;
			sourceTree = "<group>";
		};
		C0A55DB548A62FDBBDFF2FF7 /* Preview Content */ = {
			isa = PBXGroup;
			children = (
			);
			path = "Preview Content";
			sourceTree = "<group>";
		};
		C2073E587A92D0BD2CB6E77E /* ServiceTests */ = {
			isa = PBXGroup;
			children = (
				194E62CC8310FB42DC725000 /* PreviewOperatingServiceTests.swift */,
			);
			path = ServiceTests;
			sourceTree = "<group>";
		};
		D2E63E77CA20FBFE8F7B5CAF /* ModelTests */ = {
			isa = PBXGroup;
			children = (
				DE94FB73242759C8A4C5B4CF /* ContractModelTests.swift */,
				905676FA6340AA0A8AEAF87D /* LocalizationConsistencyTests.swift */,
				25BE789AA269FE0F5D89CB24 /* OperatingModelTests.swift */,
			);
			path = ModelTests;
			sourceTree = "<group>";
		};
		D768D992AE583A1908B5C457 /* Services */ = {
			isa = PBXGroup;
			children = (
				CE2B85DC3CB7D636328AEB9D /* BundledAIToolCatalog.swift */,
				FF26CA16D5FA04A8059DB60D /* CalendarWebAuthenticator.swift */,
				359FC2D3A74A00E805BF16F0 /* LiveServices.swift */,
				D381C8B2C10A68D1E8562048 /* OperatingService.swift */,
				97E00468DAE079492BF5F6D0 /* PreviewFixtures.swift */,
				523C87244BAEA81348BE0A16 /* PreviewServices.swift */,
				402213CD0DBB369355B1E6B0 /* ServiceProtocols.swift */,
			);
			path = Services;
			sourceTree = "<group>";
		};
		E5ED9AA4316CD774193E5530 /* Features */ = {
			isa = PBXGroup;
			children = (
				1A87EEFBCE89F469805C462B /* Chat */,
				4A0D7673A0FF8EAB94518C0F /* CommandCenter */,
				B8B30A4B89EB36F4AD020081 /* Onboarding */,
				5738B7158B827D25295ABBE7 /* Settings */,
			);
			path = Features;
			sourceTree = "<group>";
		};
		F0CE60BDB2ADAEB42868CDF4 /* NetworkingTests */ = {
			isa = PBXGroup;
			children = (
				7CF6ABFBB3C9C5BFCD1CE0B6 /* APIClientTests.swift */,
			);
			path = NetworkingTests;
			sourceTree = "<group>";
		};
		F72E82FE7C33DF54FEC32A26 /* RockstarIbotUITests */ = {
			isa = PBXGroup;
			children = (
				9C4F77353DBB7773D8060E64 /* RockstarIbotUITests.swift */,
			);
			path = RockstarIbotUITests;
			sourceTree = "<group>";
		};
/* End PBXGroup section */

/* Begin PBXNativeTarget section */
		2FC0CA1BFEC21AB37D3FD4A7 /* RockstarIbot */ = {
			isa = PBXNativeTarget;
			buildConfigurationList = 9DC80797BBE4C8EC64ADB642 /* Build configuration list for PBXNativeTarget "RockstarIbot" */;
			buildPhases = (
				0BFF12FADB5E8E0195ED066F /* Sources */,
				47A5BCF3F165991059E65ED3 /* Resources */,
			);
			buildRules = (
			);
			dependencies = (
			);
			name = RockstarIbot;
			packageProductDependencies = (
			);
			productName = RockstarIbot;
			productReference = CC0B8DC91F5822BE22E4442A /* RockstarIbot.app */;
			productType = "com.apple.product-type.application";
		};
		730A1B2B1EC78666B1AF1A68 /* RockstarIbotTests */ = {
			isa = PBXNativeTarget;
			buildConfigurationList = 66334C87BF8B99AFB4BE7918 /* Build configuration list for PBXNativeTarget "RockstarIbotTests" */;
			buildPhases = (
				9A718E960812813EE3832F48 /* Sources */,
			);
			buildRules = (
			);
			dependencies = (
				338DF056FF5E5E2CCA2DAC7F /* PBXTargetDependency */,
			);
			name = RockstarIbotTests;
			packageProductDependencies = (
			);
			productName = RockstarIbotTests;
			productReference = 03E7BF9377F1F73CB4C33D59 /* RockstarIbotTests.xctest */;
			productType = "com.apple.product-type.bundle.unit-test";
		};
		CDA8D86A51ED8F6630139D62 /* RockstarIbotUITests */ = {
			isa = PBXNativeTarget;
			buildConfigurationList = CB2EF45AF1CB416E26102109 /* Build configuration list for PBXNativeTarget "RockstarIbotUITests" */;
			buildPhases = (
				C457CEF4E336C0BAB2B59B17 /* Sources */,
			);
			buildRules = (
			);
			dependencies = (
				74ED5E536ACED2A5C333F65C /* PBXTargetDependency */,
			);
			name = RockstarIbotUITests;
			packageProductDependencies = (
			);
			productName = RockstarIbotUITests;
			productReference = 1639BD11BC64A6AE46FDA686 /* RockstarIbotUITests.xctest */;
			productType = "com.apple.product-type.bundle.ui-testing";
		};
/* End PBXNativeTarget section */

/* Begin PBXProject section */
		33C5948FFBE24CCD83812F4F /* Project object */ = {
			isa = PBXProject;
			attributes = {
				BuildIndependentTargetsInParallel = YES;
				LastUpgradeCheck = 1430;
				TargetAttributes = {
					CDA8D86A51ED8F6630139D62 = {
						TestTargetID = 2FC0CA1BFEC21AB37D3FD4A7;
					};
				};
			};
			buildConfigurationList = EB064954750AFB35A4E03817 /* Build configuration list for PBXProject "RockstarIbot" */;
			developmentRegion = en;
			hasScannedForEncodings = 0;
			knownRegions = (
				Base,
				en,
				ja,
			);
			mainGroup = A871EB62E7E09FDE5AB47405;
			minimizedProjectReferenceProxies = 1;
			preferredProjectObjectVersion = 77;
			productRefGroup = 7A9E862C5D13C727772107B8 /* Products */;
			projectDirPath = "";
			projectRoot = "";
			targets = (
				2FC0CA1BFEC21AB37D3FD4A7 /* RockstarIbot */,
				730A1B2B1EC78666B1AF1A68 /* RockstarIbotTests */,
				CDA8D86A51ED8F6630139D62 /* RockstarIbotUITests */,
			);
		};
/* End PBXProject section */

/* Begin PBXResourcesBuildPhase section */
		47A5BCF3F165991059E65ED3 /* Resources */ = {
			isa = PBXResourcesBuildPhase;
			buildActionMask = 2147483647;
			files = (
				EA8EAC255B12404A834A9507 /* AIToolCatalog.json in Resources */,
				45F7DC45347C5CAC2FE8043A /* Assets.xcassets in Resources */,
				C46FC12619C0756ED77FEEC5 /* Localizable.xcstrings in Resources */,
				100A110A4A59F9381D4446C8 /* PrivacyInfo.xcprivacy in Resources */,
			);
			runOnlyForDeploymentPostprocessing = 0;
		};
/* End PBXResourcesBuildPhase section */

/* Begin PBXSourcesBuildPhase section */
		0BFF12FADB5E8E0195ED066F /* Sources */ = {
			isa = PBXSourcesBuildPhase;
			buildActionMask = 2147483647;
			files = (
				AA808012F0F50CEC39B3A9F5 /* AIToolPackage.swift in Sources */,
				409F4790BCC9C51A2EE0AA3C /* APIClient.swift in Sources */,
				C1C7902596FA4AE6B7494EAE /* APIEndpoint.swift in Sources */,
				4BEB19C783088A5B8425DA34 /* APIError.swift in Sources */,
				F61DD27F7FF35C902BD8D808 /* AccessibilityID.swift in Sources */,
				932C605E657AF92F3D7D8A84 /* AnalysisResult.swift in Sources */,
				44A2AB42BD241D2C9081B8F2 /* AppConfiguration.swift in Sources */,
				8F57A42E6A8D5A6CDE061AE9 /* AppEnvironment.swift in Sources */,
				831E4C249CDBF2B1F12F886B /* AppViewModel.swift in Sources */,
				FCD90255E6BE98CF978635FF /* BundledAIToolCatalog.swift in Sources */,
				5E051086086D5AB4A02641E8 /* CalendarWebAuthenticator.swift in Sources */,
				A474E0072BCF4BBB351179ED /* ChatComposerView.swift in Sources */,
				98728FEEC2F2C4EF62F4A35F /* ChatMessage.swift in Sources */,
				13A39A457AEEC473935188FF /* ChatView.swift in Sources */,
				70D03DB0152D0BA7B3878A20 /* ChatViewModel.swift in Sources */,
				3393AA4F5E4DFB112E204895 /* CommandCenterView.swift in Sources */,
				DE02169BB7A8C840578A7776 /* ConnectionsHubView.swift in Sources */,
				377E1CD40C3B2BF110F5DB3B /* FirstAnalysisView.swift in Sources */,
				898ED1A268A588BACFBE3D7F /* HTTPTransport.swift in Sources */,
				C37921169B8B5FD6DFB875F7 /* KeychainSessionStore.swift in Sources */,
				B495692605312F206745C70C /* RockstarIbotApp.swift in Sources */,
				E059318F3828A37C7296F2F8 /* LiveServices.swift in Sources */,
				929BF0812FDC01D6A1116E21 /* LocalizedCopy.swift in Sources */,
				239B40EA3B6AAA8478BAF4DD /* MessageBubbleView.swift in Sources */,
				1CC444E06743F8D2566FB2B0 /* MoneyHubView.swift in Sources */,
				0C64143471215483966CA061 /* NetworkMonitor.swift in Sources */,
				304D797A8679234FFAB17C3B /* Operating.swift in Sources */,
				6B44BD8FE56496A33A78A8C3 /* OperatingCopy.swift in Sources */,
				BF1AF5F50F4A18A149B2304E /* OperatingHubViewModel.swift in Sources */,
				1E2073BE1B911582059ED80C /* OperatingService.swift in Sources */,
				6EAFA43F832BE542A8DD1C78 /* PhoneSetupView.swift in Sources */,
				1E6ADC6A9E5D0129ADA38C27 /* PreviewFixtures.swift in Sources */,
				4DE2BE0D23F3D1A7889393AE /* PreviewServices.swift in Sources */,
				6D2AB7F1B685BFB90CE5270B /* ProfileConfirmationView.swift in Sources */,
				7660CC0DAFBD9FB3903254A1 /* Receipts.swift in Sources */,
				3BE6F291D922A1DCB0739B3F /* RootView.swift in Sources */,
				6F9449A77F53FE74F3A208F0 /* Route.swift in Sources */,
				9B6EC47D3422FB998C5E37FA /* RouteDetailSheet.swift in Sources */,
				2B6E2CD488699260E408C17E /* RouteMessageView.swift in Sources */,
				185747CAD27FD4DF45618229 /* ServiceCellsHubView.swift in Sources */,
				EEAAD6F5003E5A0CEE64E413 /* ServiceProtocols.swift in Sources */,
				D654BBB1E6F37653647F6BB9 /* Session.swift in Sources */,
				9B25A75230C100D69210CB32 /* SessionStoring.swift in Sources */,
				7D78BBCEB2EE53981B874755 /* SettingsView.swift in Sources */,
				BBB8AC72F116729ED6D96C0A /* SoftPaywallView.swift in Sources */,
				C125BB1086D71189B1000E36 /* Theme.swift in Sources */,
				B7D90E0585C91AB0D5F1441B /* TodayHubView.swift in Sources */,
				6343731473BA311A3F172149 /* URLSessionTransport.swift in Sources */,
				5E47E56F322B5E6569FAA733 /* UserProfile.swift in Sources */,
				9DD8550DB8337C7B9167B7EE /* WelcomeView.swift in Sources */,
				D3D9218EBF07081EADCD5BE9 /* WellbeingHubView.swift in Sources */,
			);
			runOnlyForDeploymentPostprocessing = 0;
		};
		9A718E960812813EE3832F48 /* Sources */ = {
			isa = PBXSourcesBuildPhase;
			buildActionMask = 2147483647;
			files = (
				4C7DE9A39D0B04ADBF6C4133 /* APIClientTests.swift in Sources */,
				AFE374190D90B11506350136 /* AppViewModelTests.swift in Sources */,
				78EAFBD233EC88E86A964141 /* ChatViewModelTests.swift in Sources */,
				54A2A9AA17438F12A3252718 /* ContractModelTests.swift in Sources */,
				9A51FE93119D15E34DD423EE /* LocalizationConsistencyTests.swift in Sources */,
				59B4B52DEA2E5B91D96BAE06 /* OperatingModelTests.swift in Sources */,
				284E1F2AA48530427AF83A67 /* PreviewOperatingServiceTests.swift in Sources */,
				D9B8D52236002AA8B966159F /* RecordingTransport.swift in Sources */,
			);
			runOnlyForDeploymentPostprocessing = 0;
		};
		C457CEF4E336C0BAB2B59B17 /* Sources */ = {
			isa = PBXSourcesBuildPhase;
			buildActionMask = 2147483647;
			files = (
				C123DCD9A4C3D8E3D92B7D2C /* RockstarIbotUITests.swift in Sources */,
			);
			runOnlyForDeploymentPostprocessing = 0;
		};
/* End PBXSourcesBuildPhase section */

/* Begin PBXTargetDependency section */
		338DF056FF5E5E2CCA2DAC7F /* PBXTargetDependency */ = {
			isa = PBXTargetDependency;
			target = 2FC0CA1BFEC21AB37D3FD4A7 /* RockstarIbot */;
			targetProxy = 8F76838533581F94D3F951C3 /* PBXContainerItemProxy */;
		};
		74ED5E536ACED2A5C333F65C /* PBXTargetDependency */ = {
			isa = PBXTargetDependency;
			target = 2FC0CA1BFEC21AB37D3FD4A7 /* RockstarIbot */;
			targetProxy = 9A480514F6B2F2D0B818BD46 /* PBXContainerItemProxy */;
		};
/* End PBXTargetDependency section */

/* Begin XCBuildConfiguration section */
		12552B17727323A9D61EFC9F /* Debug */ = {
			isa = XCBuildConfiguration;
			buildSettings = {
				BUNDLE_LOADER = "$(TEST_HOST)";
				GENERATE_INFOPLIST_FILE = YES;
				LD_RUNPATH_SEARCH_PATHS = (
					"$(inherited)",
					"@executable_path/Frameworks",
					"@loader_path/Frameworks",
				);
				PRODUCT_BUNDLE_IDENTIFIER = "invalid.rockstaribot.ui-tests";
				SDKROOT = iphoneos;
				TARGETED_DEVICE_FAMILY = "1,2";
				TEST_TARGET_NAME = RockstarIbot;
			};
			name = Debug;
		};
		1EE6B5E08C35E0CDEA6C4D48 /* Debug */ = {
			isa = XCBuildConfiguration;
			baseConfigurationReference = 2AC21105F069326365BDD68C /* Debug.xcconfig */;
			buildSettings = {
				ASSETCATALOG_COMPILER_APPICON_NAME = AppIcon;
				ASSETCATALOG_COMPILER_GLOBAL_ACCENT_COLOR_NAME = AccentColor;
				CODE_SIGN_IDENTITY = "iPhone Developer";
				INFOPLIST_FILE = RockstarIbot/Info.plist;
				LD_RUNPATH_SEARCH_PATHS = (
					"$(inherited)",
					"@executable_path/Frameworks",
				);
				PRODUCT_BUNDLE_IDENTIFIER = invalid.rockstaribot.app;
				PRODUCT_NAME = RockstarIbot;
				SDKROOT = iphoneos;
				SUPPORTS_MACCATALYST = NO;
				SUPPORTS_XR_DESIGNED_FOR_IPHONE_IPAD = NO;
				TARGETED_DEVICE_FAMILY = "1,2";
			};
			name = Debug;
		};
		51338E72DFA3641D38B44305 /* Release */ = {
			isa = XCBuildConfiguration;
			buildSettings = {
				BUNDLE_LOADER = "$(TEST_HOST)";
				GENERATE_INFOPLIST_FILE = YES;
				LD_RUNPATH_SEARCH_PATHS = (
					"$(inherited)",
					"@executable_path/Frameworks",
					"@loader_path/Frameworks",
				);
				PRODUCT_BUNDLE_IDENTIFIER = "invalid.rockstaribot.ui-tests";
				SDKROOT = iphoneos;
				TARGETED_DEVICE_FAMILY = "1,2";
				TEST_TARGET_NAME = RockstarIbot;
			};
			name = Release;
		};
		919CB837BBF739B754850D07 /* Release */ = {
			isa = XCBuildConfiguration;
			baseConfigurationReference = FFA1BC2AF9D001446951E46F /* Release.xcconfig */;
			buildSettings = {
				ASSETCATALOG_COMPILER_APPICON_NAME = AppIcon;
				ASSETCATALOG_COMPILER_GLOBAL_ACCENT_COLOR_NAME = AccentColor;
				CODE_SIGN_IDENTITY = "iPhone Developer";
				INFOPLIST_FILE = RockstarIbot/Info.plist;
				LD_RUNPATH_SEARCH_PATHS = (
					"$(inherited)",
					"@executable_path/Frameworks",
				);
				PRODUCT_BUNDLE_IDENTIFIER = invalid.rockstaribot.app;
				PRODUCT_NAME = RockstarIbot;
				SDKROOT = iphoneos;
				SUPPORTS_MACCATALYST = NO;
				SUPPORTS_XR_DESIGNED_FOR_IPHONE_IPAD = NO;
				TARGETED_DEVICE_FAMILY = "1,2";
			};
			name = Release;
		};
		99BBFE59E3428E692B054AF1 /* Release */ = {
			isa = XCBuildConfiguration;
			buildSettings = {
				ALWAYS_SEARCH_USER_PATHS = NO;
				CLANG_ANALYZER_NONNULL = YES;
				CLANG_ANALYZER_NUMBER_OBJECT_CONVERSION = YES_AGGRESSIVE;
				CLANG_CXX_LANGUAGE_STANDARD = "gnu++14";
				CLANG_CXX_LIBRARY = "libc++";
				CLANG_ENABLE_MODULES = YES;
				CLANG_ENABLE_OBJC_ARC = YES;
				CLANG_ENABLE_OBJC_WEAK = YES;
				CLANG_WARN_BLOCK_CAPTURE_AUTORELEASING = YES;
				CLANG_WARN_BOOL_CONVERSION = YES;
				CLANG_WARN_COMMA = YES;
				CLANG_WARN_CONSTANT_CONVERSION = YES;
				CLANG_WARN_DEPRECATED_OBJC_IMPLEMENTATIONS = YES;
				CLANG_WARN_DIRECT_OBJC_ISA_USAGE = YES_ERROR;
				CLANG_WARN_DOCUMENTATION_COMMENTS = YES;
				CLANG_WARN_EMPTY_BODY = YES;
				CLANG_WARN_ENUM_CONVERSION = YES;
				CLANG_WARN_INFINITE_RECURSION = YES;
				CLANG_WARN_INT_CONVERSION = YES;
				CLANG_WARN_NON_LITERAL_NULL_CONVERSION = YES;
				CLANG_WARN_OBJC_IMPLICIT_RETAIN_SELF = YES;
				CLANG_WARN_OBJC_LITERAL_CONVERSION = YES;
				CLANG_WARN_OBJC_ROOT_CLASS = YES_ERROR;
				CLANG_WARN_QUOTED_INCLUDE_IN_FRAMEWORK_HEADER = YES;
				CLANG_WARN_RANGE_LOOP_ANALYSIS = YES;
				CLANG_WARN_STRICT_PROTOTYPES = YES;
				CLANG_WARN_SUSPICIOUS_MOVE = YES;
				CLANG_WARN_UNGUARDED_AVAILABILITY = YES_AGGRESSIVE;
				CLANG_WARN_UNREACHABLE_CODE = YES;
				CLANG_WARN__DUPLICATE_METHOD_MATCH = YES;
				COPY_PHASE_STRIP = NO;
				CURRENT_PROJECT_VERSION = 1;
				DEBUG_INFORMATION_FORMAT = "dwarf-with-dsym";
				ENABLE_NS_ASSERTIONS = NO;
				ENABLE_STRICT_OBJC_MSGSEND = YES;
				ENABLE_USER_SCRIPT_SANDBOXING = YES;
				GCC_C_LANGUAGE_STANDARD = gnu11;
				GCC_NO_COMMON_BLOCKS = YES;
				GCC_WARN_64_TO_32_BIT_CONVERSION = YES;
				GCC_WARN_ABOUT_RETURN_TYPE = YES_ERROR;
				GCC_WARN_UNDECLARED_SELECTOR = YES;
				GCC_WARN_UNINITIALIZED_AUTOS = YES_AGGRESSIVE;
				GCC_WARN_UNUSED_FUNCTION = YES;
				GCC_WARN_UNUSED_VARIABLE = YES;
				IPHONEOS_DEPLOYMENT_TARGET = 17.0;
				MARKETING_VERSION = 1.0.0;
				MTL_ENABLE_DEBUG_INFO = NO;
				MTL_FAST_MATH = YES;
				PRODUCT_NAME = "$(TARGET_NAME)";
				SDKROOT = iphoneos;
				SWIFT_COMPILATION_MODE = wholemodule;
				SWIFT_OPTIMIZATION_LEVEL = "-O";
				SWIFT_STRICT_CONCURRENCY = targeted;
				SWIFT_VERSION = 5.9;
				TARGETED_DEVICE_FAMILY = 1;
			};
			name = Release;
		};
		C5A0269623381F66FEF1DE62 /* Debug */ = {
			isa = XCBuildConfiguration;
			buildSettings = {
				BUNDLE_LOADER = "$(TEST_HOST)";
				GENERATE_INFOPLIST_FILE = YES;
				LD_RUNPATH_SEARCH_PATHS = (
					"$(inherited)",
					"@executable_path/Frameworks",
					"@loader_path/Frameworks",
				);
				PRODUCT_BUNDLE_IDENTIFIER = invalid.rockstaribot.tests;
				SDKROOT = iphoneos;
				TARGETED_DEVICE_FAMILY = "1,2";
				TEST_HOST = "$(BUILT_PRODUCTS_DIR)/RockstarIbot.app/RockstarIbot";
			};
			name = Debug;
		};
		CB2799BB22C862BF09D4867A /* Debug */ = {
			isa = XCBuildConfiguration;
			buildSettings = {
				ALWAYS_SEARCH_USER_PATHS = NO;
				CLANG_ANALYZER_NONNULL = YES;
				CLANG_ANALYZER_NUMBER_OBJECT_CONVERSION = YES_AGGRESSIVE;
				CLANG_CXX_LANGUAGE_STANDARD = "gnu++14";
				CLANG_CXX_LIBRARY = "libc++";
				CLANG_ENABLE_MODULES = YES;
				CLANG_ENABLE_OBJC_ARC = YES;
				CLANG_ENABLE_OBJC_WEAK = YES;
				CLANG_WARN_BLOCK_CAPTURE_AUTORELEASING = YES;
				CLANG_WARN_BOOL_CONVERSION = YES;
				CLANG_WARN_COMMA = YES;
				CLANG_WARN_CONSTANT_CONVERSION = YES;
				CLANG_WARN_DEPRECATED_OBJC_IMPLEMENTATIONS = YES;
				CLANG_WARN_DIRECT_OBJC_ISA_USAGE = YES_ERROR;
				CLANG_WARN_DOCUMENTATION_COMMENTS = YES;
				CLANG_WARN_EMPTY_BODY = YES;
				CLANG_WARN_ENUM_CONVERSION = YES;
				CLANG_WARN_INFINITE_RECURSION = YES;
				CLANG_WARN_INT_CONVERSION = YES;
				CLANG_WARN_NON_LITERAL_NULL_CONVERSION = YES;
				CLANG_WARN_OBJC_IMPLICIT_RETAIN_SELF = YES;
				CLANG_WARN_OBJC_LITERAL_CONVERSION = YES;
				CLANG_WARN_OBJC_ROOT_CLASS = YES_ERROR;
				CLANG_WARN_QUOTED_INCLUDE_IN_FRAMEWORK_HEADER = YES;
				CLANG_WARN_RANGE_LOOP_ANALYSIS = YES;
				CLANG_WARN_STRICT_PROTOTYPES = YES;
				CLANG_WARN_SUSPICIOUS_MOVE = YES;
				CLANG_WARN_UNGUARDED_AVAILABILITY = YES_AGGRESSIVE;
				CLANG_WARN_UNREACHABLE_CODE = YES;
				CLANG_WARN__DUPLICATE_METHOD_MATCH = YES;
				COPY_PHASE_STRIP = NO;
				CURRENT_PROJECT_VERSION = 1;
				DEBUG_INFORMATION_FORMAT = dwarf;
				ENABLE_STRICT_OBJC_MSGSEND = YES;
				ENABLE_TESTABILITY = YES;
				ENABLE_USER_SCRIPT_SANDBOXING = YES;
				GCC_C_LANGUAGE_STANDARD = gnu11;
				GCC_DYNAMIC_NO_PIC = NO;
				GCC_NO_COMMON_BLOCKS = YES;
				GCC_OPTIMIZATION_LEVEL = 0;
				GCC_PREPROCESSOR_DEFINITIONS = (
					"$(inherited)",
					"DEBUG=1",
				);
				GCC_WARN_64_TO_32_BIT_CONVERSION = YES;
				GCC_WARN_ABOUT_RETURN_TYPE = YES_ERROR;
				GCC_WARN_UNDECLARED_SELECTOR = YES;
				GCC_WARN_UNINITIALIZED_AUTOS = YES_AGGRESSIVE;
				GCC_WARN_UNUSED_FUNCTION = YES;
				GCC_WARN_UNUSED_VARIABLE = YES;
				IPHONEOS_DEPLOYMENT_TARGET = 17.0;
				MARKETING_VERSION = 1.0.0;
				MTL_ENABLE_DEBUG_INFO = INCLUDE_SOURCE;
				MTL_FAST_MATH = YES;
				ONLY_ACTIVE_ARCH = YES;
				PRODUCT_NAME = "$(TARGET_NAME)";
				SDKROOT = iphoneos;
				SWIFT_ACTIVE_COMPILATION_CONDITIONS = DEBUG;
				SWIFT_OPTIMIZATION_LEVEL = "-Onone";
				SWIFT_STRICT_CONCURRENCY = targeted;
				SWIFT_VERSION = 5.9;
				TARGETED_DEVICE_FAMILY = 1;
			};
			name = Debug;
		};
		FF8FCB42D27F794894ADEE61 /* Release */ = {
			isa = XCBuildConfiguration;
			buildSettings = {
				BUNDLE_LOADER = "$(TEST_HOST)";
				GENERATE_INFOPLIST_FILE = YES;
				LD_RUNPATH_SEARCH_PATHS = (
					"$(inherited)",
					"@executable_path/Frameworks",
					"@loader_path/Frameworks",
				);
				PRODUCT_BUNDLE_IDENTIFIER = invalid.rockstaribot.tests;
				SDKROOT = iphoneos;
				TARGETED_DEVICE_FAMILY = "1,2";
				TEST_HOST = "$(BUILT_PRODUCTS_DIR)/RockstarIbot.app/RockstarIbot";
			};
			name = Release;
		};
/* End XCBuildConfiguration section */

/* Begin XCConfigurationList section */
		66334C87BF8B99AFB4BE7918 /* Build configuration list for PBXNativeTarget "RockstarIbotTests" */ = {
			isa = XCConfigurationList;
			buildConfigurations = (
				C5A0269623381F66FEF1DE62 /* Debug */,
				FF8FCB42D27F794894ADEE61 /* Release */,
			);
			defaultConfigurationIsVisible = 0;
			defaultConfigurationName = Debug;
		};
		9DC80797BBE4C8EC64ADB642 /* Build configuration list for PBXNativeTarget "RockstarIbot" */ = {
			isa = XCConfigurationList;
			buildConfigurations = (
				1EE6B5E08C35E0CDEA6C4D48 /* Debug */,
				919CB837BBF739B754850D07 /* Release */,
			);
			defaultConfigurationIsVisible = 0;
			defaultConfigurationName = Debug;
		};
		CB2EF45AF1CB416E26102109 /* Build configuration list for PBXNativeTarget "RockstarIbotUITests" */ = {
			isa = XCConfigurationList;
			buildConfigurations = (
				12552B17727323A9D61EFC9F /* Debug */,
				51338E72DFA3641D38B44305 /* Release */,
			);
			defaultConfigurationIsVisible = 0;
			defaultConfigurationName = Debug;
		};
		EB064954750AFB35A4E03817 /* Build configuration list for PBXProject "RockstarIbot" */ = {
			isa = XCConfigurationList;
			buildConfigurations = (
				CB2799BB22C862BF09D4867A /* Debug */,
				99BBFE59E3428E692B054AF1 /* Release */,
			);
			defaultConfigurationIsVisible = 0;
			defaultConfigurationName = Debug;
		};
/* End XCConfigurationList section */
	};
	rootObject = 33C5948FFBE24CCD83812F4F /* Project object */;
}
